PODS:
  - LSTCategory (0.1.12231543):
    - LSTCategory/Code (= 0.1.12231543)
    - YYModel
  - LSTCategory/Code (0.1.12231543):
    - YYModel
  - Masonry (1.1.0)
  - YYModel (1.0.4)

DEPENDENCIES:
  - LSTCategory
  - Masonry

SPEC REPOS:
  trunk:
    - LSTCategory
    - Masonry
    - YYModel

SPEC CHECKSUMS:
  LSTCategory: c13d228216023dfd24095ad8b2530cc14f956cd7
  Masonry: 678fab65091a9290e40e2832a55e7ab731aad201
  YYModel: 2a7fdd96aaa4b86a824e26d0c517de8928c04b30

PODFILE CHECKSUM: ef3599f988e08f19c7a9540804bbcf5102a02952

COCOAPODS: 1.8.4
