PODS:
  - LSTButton (0.2.07231755):
    - LSTButton/Code (= 0.2.07231755)
  - LSTButton/Code (0.2.07231755)
  - LSTCategory (0.3.2):
    - LSTCategory/Code (= 0.3.2)
    - YYModel
  - LSTCategory/Code (0.3.2):
    - YYModel
  - Masonry (1.1.0)
  - YYModel (1.0.4)

DEPENDENCIES:
  - LSTButton (from `../`)
  - LSTCategory
  - Masonry

SPEC REPOS:
  trunk:
    - LSTCategory
    - Masonry
    - YYModel

EXTERNAL SOURCES:
  LSTButton:
    :path: "../"

SPEC CHECKSUMS:
  LSTButton: 43381ea9ba88758be015b73b3304785a1efb53a3
  LSTCategory: e7dbe02572cedd738dd7f700ab71c5c94721a140
  Masonry: 678fab65091a9290e40e2832a55e7ab731aad201
  YYModel: 2a7fdd96aaa4b86a824e26d0c517de8928c04b30

PODFILE CHECKSUM: 5bd48e84d01a51ba4aba1a97c88b656fc5c5081b

COCOAPODS: 1.16.2
